<?xml version="1.0" encoding="UTF-8" standalone="yes" ?>
<CodeBlocks_project_file>
	<FileVersion major="1" minor="6" />
	<Project>
		<Option title="projet_bokk_jom" />
		<Option pch_mode="2" />
		<Option compiler="gcc" />
		<Build>
			<Target title="Release">
				<Option output="bin/Release/projet_bokk_jom" prefix_auto="1" extension_auto="1" />
				<Option object_output="obj/Release/" />
				<Option type="1" />
				<Option compiler="gcc" />
				<Compiler>
					<Add option="-O2" />
				</Compiler>
				<Linker>
					<Add option="-s" />
				</Linker>
			</Target>
		</Build>
		<Compiler>
			<Add option="-Wall" />
		</Compiler>
		<Unit filename="Membre.c">
			<Option compilerVar="CC" />
		</Unit>
		<Unit filename="Membre.h" />
		<Unit filename="comDenrees.c">
			<Option compilerVar="CC" />
		</Unit>
		<Unit filename="comDenrees.h" />
		<Unit filename="comMateriels.c">
			<Option compilerVar="CC" />
		</Unit>
		<Unit filename="comMateriels.h" />
		<Unit filename="denrees.c">
			<Option compilerVar="CC" />
		</Unit>
		<Unit filename="denrees.h" />
		<Unit filename="faireComMateriels.c">
			<Option compilerVar="CC" />
		</Unit>
		<Unit filename="faireComMateriels.h" />
		<Unit filename="main.c">
			<Option compilerVar="CC" />
		</Unit>
		<Unit filename="qteComMateriels.c">
			<Option compilerVar="CC" />
		</Unit>
		<Unit filename="qteComMateriels.h" />
		<Unit filename="qteComdenrees.c">
			<Option compilerVar="CC" />
		</Unit>
		<Unit filename="qteComdenrees.h" />
		<Unit filename="ressources.rc">
			<Option compilerVar="WINDRES" />
		</Unit>
		<Extensions>
			<code_completion />
			<envvars />
			<debugger />
			<lib_finder disable_auto="1" />
		</Extensions>
	</Project>
</CodeBlocks_project_file>
